<?xml version="1.0" encoding="utf-8"?>
<Project ToolsVersion="4.0" xmlns="http://schemas.microsoft.com/developer/msbuild/2003">
  <ItemGroup>
    <Filter Include="ソース ファイル">
      <UniqueIdentifier>{4FC737F1-C7A5-4376-A066-2A32D752A2FF}</UniqueIdentifier>
      <Extensions>cpp;c;cc;cxx;c++;cppm;ixx;def;odl;idl;hpj;bat;asm;asmx</Extensions>
    </Filter>
    <Filter Include="ヘッダー ファイル">
      <UniqueIdentifier>{93995380-89BD-4b04-88EB-625FBE52EBFB}</UniqueIdentifier>
      <Extensions>h;hh;hpp;hxx;h++;hm;inl;inc;ipp;xsd</Extensions>
    </Filter>
    <Filter Include="ソース ファイル\Game">
      <UniqueIdentifier>{e82feb17-a8e9-4cc7-b2d3-651ec6b91988}</UniqueIdentifier>
    </Filter>
    <Filter Include="ソース ファイル\Collection">
      <UniqueIdentifier>{ad243a5c-c658-4caf-bdcb-96926928c632}</UniqueIdentifier>
    </Filter>
    <Filter Include="ソース ファイル\Sound">
      <UniqueIdentifier>{3b1fa27c-54d4-4cbb-be7e-88ff9d7bb99c}</UniqueIdentifier>
    </Filter>
    <Filter Include="ソース ファイル\FrameRateController">
      <UniqueIdentifier>{411ae894-9be5-4089-b6e3-41df7f60ee09}</UniqueIdentifier>
    </Filter>
    <Filter Include="ソース ファイル\Scene">
      <UniqueIdentifier>{88dad609-5de0-4ac0-888d-518518df8381}</UniqueIdentifier>
    </Filter>
    <Filter Include="ソース ファイル\Colision">
      <UniqueIdentifier>{c7e08522-a603-495f-96f0-43b03e05c08e}</UniqueIdentifier>
    </Filter>
    <Filter Include="ヘッダー ファイル\リソース ファイル">
      <UniqueIdentifier>{67DA6AB6-F800-4c08-8B7A-83BB121AAD01}</UniqueIdentifier>
      <Extensions>rc;ico;cur;bmp;dlg;rc2;rct;bin;rgs;gif;jpg;jpeg;jpe;resx;tiff;tif;png;wav;mfcribbon-ms</Extensions>
    </Filter>
    <Filter Include="ソース ファイル\InputManager">
      <UniqueIdentifier>{19eb6d46-e2a0-4f78-b676-808f055bfe23}</UniqueIdentifier>
    </Filter>
    <Filter Include="ソース ファイル\Stage">
      <UniqueIdentifier>{a49c8c2c-4b81-4037-9bcf-de4e6d09e2b7}</UniqueIdentifier>
    </Filter>
    <Filter Include="ソース ファイル\Camera">
      <UniqueIdentifier>{e6fe1894-8f8a-41f6-9e86-e1d60d3c3b57}</UniqueIdentifier>
    </Filter>
    <Filter Include="ソース ファイル\State">
      <UniqueIdentifier>{25d1ce01-a30d-4fb9-b680-baa99ca7ff6e}</UniqueIdentifier>
    </Filter>
    <Filter Include="ソース ファイル\State\PlayerState">
      <UniqueIdentifier>{add53d82-7c52-4eb2-bd7a-d8b04df88c89}</UniqueIdentifier>
    </Filter>
    <Filter Include="ソース ファイル\State\BossState">
      <UniqueIdentifier>{4207d64e-3ae2-4407-a1b7-f4f8337e4be8}</UniqueIdentifier>
    </Filter>
    <Filter Include="ソース ファイル\State\Boss">
      <UniqueIdentifier>{c455fc7c-5cc9-4ae3-8af0-e897ae115773}</UniqueIdentifier>
    </Filter>
    <Filter Include="ソース ファイル\State\Player">
      <UniqueIdentifier>{f7124487-c666-49b8-8099-ac382505e8cd}</UniqueIdentifier>
    </Filter>
    <Filter Include="ソース ファイル\Effect">
      <UniqueIdentifier>{f03ecf81-6190-40ea-8b9a-b6bc0ac59b1c}</UniqueIdentifier>
    </Filter>
    <Filter Include="ソース ファイル\UI">
      <UniqueIdentifier>{694a4d31-fbf1-4ca4-a5ee-01c74b4967c5}</UniqueIdentifier>
    </Filter>
    <Filter Include="ソース ファイル\Utility">
      <UniqueIdentifier>{cf301039-2512-4a11-a3b7-e157bb396d8f}</UniqueIdentifier>
    </Filter>
  </ItemGroup>
  <ItemGroup>
    <ClCompile Include="Main.cpp">
      <Filter>ソース ファイル</Filter>
    </ClCompile>
    <ClCompile Include="Game.cpp">
      <Filter>ソース ファイル\Game</Filter>
    </ClCompile>
    <ClCompile Include="SoundManager.cpp">
      <Filter>ソース ファイル\Sound</Filter>
    </ClCompile>
    <ClCompile Include="EffectManager.cpp">
      <Filter>ソース ファイル\Effect</Filter>
    </ClCompile>
    <ClCompile Include="FrameRateController.cpp">
      <Filter>ソース ファイル\FrameRateController</Filter>
    </ClCompile>
    <ClCompile Include="TitleScene.cpp">
      <Filter>ソース ファイル\Scene</Filter>
    </ClCompile>
    <ClCompile Include="GameClearScene.cpp">
      <Filter>ソース ファイル\Scene</Filter>
    </ClCompile>
    <ClCompile Include="GameOverScene.cpp">
      <Filter>ソース ファイル\Scene</Filter>
    </ClCompile>
    <ClCompile Include="GameScene.cpp">
      <Filter>ソース ファイル\Scene</Filter>
    </ClCompile>
    <ClCompile Include="InputManager.cpp">
      <Filter>ソース ファイル\InputManager</Filter>
    </ClCompile>
    <ClCompile Include="Player.cpp">
      <Filter>ソース ファイル\State\Player</Filter>
    </ClCompile>
    <ClCompile Include="Stage.cpp">
      <Filter>ソース ファイル\Stage</Filter>
    </ClCompile>
    <ClCompile Include="PlayerIdle.cpp">
      <Filter>ソース ファイル\State\PlayerState</Filter>
    </ClCompile>
    <ClCompile Include="PlayerAttack.cpp">
      <Filter>ソース ファイル\State\PlayerState</Filter>
    </ClCompile>
    <ClCompile Include="PlayerDefense.cpp">
      <Filter>ソース ファイル\State\PlayerState</Filter>
    </ClCompile>
    <ClCompile Include="PlayerJump.cpp">
      <Filter>ソース ファイル\State\PlayerState</Filter>
    </ClCompile>
    <ClCompile Include="PlayerMove.cpp">
      <Filter>ソース ファイル\State\PlayerState</Filter>
    </ClCompile>
    <ClCompile Include="PlayerRolling.cpp">
      <Filter>ソース ファイル\State\PlayerState</Filter>
    </ClCompile>
    <ClCompile Include="PlayerShotMagic.cpp">
      <Filter>ソース ファイル\State\PlayerState</Filter>
    </ClCompile>
    <ClCompile Include="Boss.cpp">
      <Filter>ソース ファイル\State\Boss</Filter>
    </ClCompile>
    <ClCompile Include="BossIdle.cpp">
      <Filter>ソース ファイル\State\BossState</Filter>
    </ClCompile>
    <ClCompile Include="BossMove.cpp">
      <Filter>ソース ファイル\State\BossState</Filter>
    </ClCompile>
    <ClCompile Include="BossDefaultAttack.cpp">
      <Filter>ソース ファイル\State\BossState</Filter>
    </ClCompile>
    <ClCompile Include="BossStart.cpp">
      <Filter>ソース ファイル\State\BossState</Filter>
    </ClCompile>
    <ClCompile Include="BossAreaAttack.cpp">
      <Filter>ソース ファイル\State\BossState</Filter>
    </ClCompile>
    <ClCompile Include="BossShotAttack.cpp">
      <Filter>ソース ファイル\State\BossState</Filter>
    </ClCompile>
    <ClCompile Include="Camera.cpp">
      <Filter>ソース ファイル\Camera</Filter>
    </ClCompile>
    <ClCompile Include="CollisionManager.cpp">
      <Filter>ソース ファイル\Colision</Filter>
    </ClCompile>
    <ClCompile Include="ImageDataManager.cpp">
      <Filter>ソース ファイル\Collection</Filter>
    </ClCompile>
    <ClCompile Include="ModelDataManager.cpp">
      <Filter>ソース ファイル\Collection</Filter>
    </ClCompile>
    <ClCompile Include="StateBase.cpp">
      <Filter>ソース ファイル\State</Filter>
    </ClCompile>
    <ClCompile Include="FadeInOut.cpp">
      <Filter>ソース ファイル\UI</Filter>
    </ClCompile>
    <ClCompile Include="Utility.cpp">
      <Filter>ソース ファイル\Utility</Filter>
    </ClCompile>
    <ClCompile Include="BossRunAttack.cpp">
      <Filter>ソース ファイル\State\BossState</Filter>
    </ClCompile>
    <ClCompile Include="BossDead.cpp">
      <Filter>ソース ファイル</Filter>
    </ClCompile>
    <ClCompile Include="Shot.cpp">
      <Filter>ソース ファイル</Filter>
    </ClCompile>
    <ClCompile Include="ShotManager.cpp">
      <Filter>ソース ファイル</Filter>
    </ClCompile>
    <ClCompile Include="ShotObjectPool.cpp">
      <Filter>ソース ファイル</Filter>
    </ClCompile>
    <ClCompile Include="PlayerHit.cpp">
      <Filter>ソース ファイル\State\PlayerState</Filter>
    </ClCompile>
    <ClCompile Include="PlayerDead.cpp">
      <Filter>ソース ファイル\State\PlayerState</Filter>
    </ClCompile>
    <ClCompile Include="CollisionUtility.cpp">
      <Filter>ソース ファイル</Filter>
    </ClCompile>
  </ItemGroup>
  <ItemGroup>
    <ClInclude Include="Game.h">
      <Filter>ソース ファイル\Game</Filter>
    </ClInclude>
    <ClInclude Include="SoundManager.h">
      <Filter>ソース ファイル\Sound</Filter>
    </ClInclude>
    <ClInclude Include="EffectManager.h">
      <Filter>ソース ファイル\Effect</Filter>
    </ClInclude>
    <ClInclude Include="FrameRateController.h">
      <Filter>ソース ファイル\FrameRateController</Filter>
    </ClInclude>
    <ClInclude Include="SceneBase.h">
      <Filter>ソース ファイル\Scene</Filter>
    </ClInclude>
    <ClInclude Include="TitleScene.h">
      <Filter>ソース ファイル\Scene</Filter>
    </ClInclude>
    <ClInclude Include="GameClearScene.h">
      <Filter>ソース ファイル\Scene</Filter>
    </ClInclude>
    <ClInclude Include="GameOverScene.h">
      <Filter>ソース ファイル\Scene</Filter>
    </ClInclude>
    <ClInclude Include="GameScene.h">
      <Filter>ソース ファイル\Scene</Filter>
    </ClInclude>
    <ClInclude Include="InputManager.h">
      <Filter>ソース ファイル\InputManager</Filter>
    </ClInclude>
    <ClInclude Include="Player.h">
      <Filter>ソース ファイル\State\Player</Filter>
    </ClInclude>
    <ClInclude Include="Stage.h">
      <Filter>ソース ファイル\Stage</Filter>
    </ClInclude>
    <ClInclude Include="PlayerIdle.h">
      <Filter>ソース ファイル\State\PlayerState</Filter>
    </ClInclude>
    <ClInclude Include="PlayerRolling.h">
      <Filter>ソース ファイル\State\PlayerState</Filter>
    </ClInclude>
    <ClInclude Include="PlayerJump.h">
      <Filter>ソース ファイル\State\PlayerState</Filter>
    </ClInclude>
    <ClInclude Include="PlayerMove.h">
      <Filter>ソース ファイル\State\PlayerState</Filter>
    </ClInclude>
    <ClInclude Include="PlayerDefense.h">
      <Filter>ソース ファイル\State\PlayerState</Filter>
    </ClInclude>
    <ClInclude Include="PlayerShotMagic.h">
      <Filter>ソース ファイル\State\PlayerState</Filter>
    </ClInclude>
    <ClInclude Include="PlayerAttack.h">
      <Filter>ソース ファイル\State\PlayerState</Filter>
    </ClInclude>
    <ClInclude Include="Boss.h">
      <Filter>ソース ファイル\State\Boss</Filter>
    </ClInclude>
    <ClInclude Include="BossIdle.h">
      <Filter>ソース ファイル\State\BossState</Filter>
    </ClInclude>
    <ClInclude Include="BossMove.h">
      <Filter>ソース ファイル\State\BossState</Filter>
    </ClInclude>
    <ClInclude Include="BossDefaultAttack.h">
      <Filter>ソース ファイル\State\BossState</Filter>
    </ClInclude>
    <ClInclude Include="BossStart.h">
      <Filter>ソース ファイル\State\BossState</Filter>
    </ClInclude>
    <ClInclude Include="BossAreaAttack.h">
      <Filter>ソース ファイル\State\BossState</Filter>
    </ClInclude>
    <ClInclude Include="BossShotAttack.h">
      <Filter>ソース ファイル\State\BossState</Filter>
    </ClInclude>
    <ClInclude Include="Camera.h">
      <Filter>ソース ファイル\Camera</Filter>
    </ClInclude>
    <ClInclude Include="StateBase.h">
      <Filter>ソース ファイル\State</Filter>
    </ClInclude>
    <ClInclude Include="CollisionManager.h">
      <Filter>ソース ファイル\Colision</Filter>
    </ClInclude>
    <ClInclude Include="CollisionData.h">
      <Filter>ソース ファイル\Colision</Filter>
    </ClInclude>
    <ClInclude Include="ImageDataManager.h">
      <Filter>ソース ファイル\Collection</Filter>
    </ClInclude>
    <ClInclude Include="ModelDataManager.h">
      <Filter>ソース ファイル\Collection</Filter>
    </ClInclude>
    <ClInclude Include="FadeInOut.h">
      <Filter>ソース ファイル\UI</Filter>
    </ClInclude>
    <ClInclude Include="Utility.h">
      <Filter>ソース ファイル\Utility</Filter>
    </ClInclude>
    <ClInclude Include="BossRunAttack.h">
      <Filter>ソース ファイル\State\BossState</Filter>
    </ClInclude>
    <ClInclude Include="BossDead.h">
      <Filter>ヘッダー ファイル</Filter>
    </ClInclude>
    <ClInclude Include="InitializeShotData.h">
      <Filter>ヘッダー ファイル</Filter>
    </ClInclude>
    <ClInclude Include="Shot.h">
      <Filter>ヘッダー ファイル</Filter>
    </ClInclude>
    <ClInclude Include="ShotManager.h">
      <Filter>ヘッダー ファイル</Filter>
    </ClInclude>
    <ClInclude Include="ShotObjectPool.h">
      <Filter>ヘッダー ファイル</Filter>
    </ClInclude>
    <ClInclude Include="PlayerHit.h">
      <Filter>ソース ファイル\State\PlayerState</Filter>
    </ClInclude>
    <ClInclude Include="PlayerDead.h">
      <Filter>ソース ファイル\State\PlayerState</Filter>
    </ClInclude>
    <ClInclude Include="CollisionUtility.h">
      <Filter>ヘッダー ファイル</Filter>
    </ClInclude>
    <ClInclude Include="EffectData.h">
      <Filter>ソース ファイル\Effect</Filter>
    </ClInclude>
  </ItemGroup>
</Project>